PODS:
  - PKHUD (5.0.0)
  - Reveal-SDK (14)
  - UMCAnalytics (5.5.0):
    - UMCCommon
  - UMCCommon (1.5.0)
  - UMCCommonLog (1.0.0)
  - UMCPush (3.2.0):
    - UMCCommon

DEPENDENCIES:
  - PKHUD
  - Reveal-SDK
  - UMCAnalytics
  - UMCCommon
  - UMCCommonLog
  - UMCPush

SPEC REPOS:
  https://github.com/CocoaPods/Specs.git:
    - PKHUD
    - Reveal-SDK
    - UMCAnalytics
    - UMCCommon
    - UMCCommonLog
    - UMCPush

SPEC CHECKSUMS:
  PKHUD: 3c001512c6e002091184197a8de7a20420786e3b
  Reveal-SDK: 55b5c5545233b680c2f8da734f202acc15d422b7
  UMCAnalytics: 4667788559a72f2fa5077117d1b8802a3b6eb6bb
  UMCCommon: 82d21f4bb9532a5472cc533bbd8ed48aff376a14
  UMCCommonLog: 05a2d5de21858e3d870551562cff405c1366d244
  UMCPush: eabf1963436e16f0578a12d3d8e203f45170d50c

PODFILE CHECKSUM: 9fde59abb56b053c731105cf9a2350e8e5f9c411

COCOAPODS: 1.5.0
