// !$*UTF8*$!
{
	archiveVersion = 1;
	classes = {
	};
	objectVersion = 50;
	objects = {

/* Begin PBXBuildFile section */
		7C33D32FF1F8C0851D903EAF /* Pods_LibraryReservationTests.framework in Frameworks */ = {isa = PBXBuildFile; fileRef = 6007481190CED623EA9BC00A /* Pods_LibraryReservationTests.framework */; };
		839C2392624C937AC131A560 /* Pods_LibraryReservation.framework in Frameworks */ = {isa = PBXBuildFile; fileRef = 7888AC61F365ED24C2CC0CC4 /* Pods_LibraryReservation.framework */; };
		AB39AE29FFB2E81F2E54083E /* Pods_LibraryReservationUITests.framework in Frameworks */ = {isa = PBXBuildFile; fileRef = 854D715760BE7166C91F4B1D /* Pods_LibraryReservationUITests.framework */; };
		AD4B3B082084F5DA00010B47 /* SeatBaseResponse.swift in Sources */ = {isa = PBXBuildFile; fileRef = AD4B3B072084F5DA00010B47 /* SeatBaseResponse.swift */; };
		AD4B3B0B2084F69600010B47 /* SeatReservation.swift in Sources */ = {isa = PBXBuildFile; fileRef = AD4B3B0A2084F69600010B47 /* SeatReservation.swift */; };
		AD4B3B0D2084F70000010B47 /* SeatHistoryResponse.swift in Sources */ = {isa = PBXBuildFile; fileRef = AD4B3B0C2084F70000010B47 /* SeatHistoryResponse.swift */; };
		AD4B3B102084F7B000010B47 /* LoginResponse.swift in Sources */ = {isa = PBXBuildFile; fileRef = AD4B3B0F2084F7B000010B47 /* LoginResponse.swift */; };
		AD4B3B132084F7FB00010B47 /* Utilities.swift in Sources */ = {isa = PBXBuildFile; fileRef = AD4B3B122084F7FB00010B47 /* Utilities.swift */; };
		AD4B3B152084F84D00010B47 /* AccountManager.swift in Sources */ = {isa = PBXBuildFile; fileRef = AD4B3B142084F84D00010B47 /* AccountManager.swift */; };
		AD4B3B172084F9E700010B47 /* Account.swift in Sources */ = {isa = PBXBuildFile; fileRef = AD4B3B162084F9E700010B47 /* Account.swift */; };
		AD4B3B192084FA4200010B47 /* Settings.swift in Sources */ = {isa = PBXBuildFile; fileRef = AD4B3B182084FA4200010B47 /* Settings.swift */; };
		AD4D114820878BC20073AAA8 /* SeatCurrentReservationManager.swift in Sources */ = {isa = PBXBuildFile; fileRef = AD4D114720878BC20073AAA8 /* SeatCurrentReservationManager.swift */; };
		AD4D114A20878C0A0073AAA8 /* SeatCurrentReservationView.swift in Sources */ = {isa = PBXBuildFile; fileRef = AD4D114920878C0A0073AAA8 /* SeatCurrentReservationView.swift */; };
		AD4D114C20878C720073AAA8 /* SeatCurrentReservationView.xib in Resources */ = {isa = PBXBuildFile; fileRef = AD4D114B20878C720073AAA8 /* SeatCurrentReservationView.xib */; };
		AD4D114E2087A3390073AAA8 /* SeatCurrentReservationResponse.swift in Sources */ = {isa = PBXBuildFile; fileRef = AD4D114D2087A3390073AAA8 /* SeatCurrentReservationResponse.swift */; };
		AD4D115020885CF10073AAA8 /* SeatHistoryTableViewCell.swift in Sources */ = {isa = PBXBuildFile; fileRef = AD4D114F20885CF10073AAA8 /* SeatHistoryTableViewCell.swift */; };
		AD4D11522088735D0073AAA8 /* UserInfo.swift in Sources */ = {isa = PBXBuildFile; fileRef = AD4D11512088735D0073AAA8 /* UserInfo.swift */; };
		AD4D1154208883070073AAA8 /* SeatCurrentReservationDetailTableViewController.swift in Sources */ = {isa = PBXBuildFile; fileRef = AD4D1153208883070073AAA8 /* SeatCurrentReservationDetailTableViewController.swift */; };
		AD7433BD208487FB005AAF11 /* AppDelegate.swift in Sources */ = {isa = PBXBuildFile; fileRef = AD7433BC208487FB005AAF11 /* AppDelegate.swift */; };
		AD7433C4208487FB005AAF11 /* Main.storyboard in Resources */ = {isa = PBXBuildFile; fileRef = AD7433C2208487FB005AAF11 /* Main.storyboard */; };
		AD7433C6208487FC005AAF11 /* Assets.xcassets in Resources */ = {isa = PBXBuildFile; fileRef = AD7433C5208487FC005AAF11 /* Assets.xcassets */; };
		AD7433C9208487FC005AAF11 /* LaunchScreen.storyboard in Resources */ = {isa = PBXBuildFile; fileRef = AD7433C7208487FC005AAF11 /* LaunchScreen.storyboard */; };
		AD7433D4208487FD005AAF11 /* LibraryReservationTests.swift in Sources */ = {isa = PBXBuildFile; fileRef = AD7433D3208487FD005AAF11 /* LibraryReservationTests.swift */; };
		AD7433DF208487FD005AAF11 /* LibraryReservationUITests.swift in Sources */ = {isa = PBXBuildFile; fileRef = AD7433DE208487FD005AAF11 /* LibraryReservationUITests.swift */; };
		AD7433F020848A27005AAF11 /* SettingsTableViewController.swift in Sources */ = {isa = PBXBuildFile; fileRef = AD7433EF20848A27005AAF11 /* SettingsTableViewController.swift */; };
		AD7433F420848A89005AAF11 /* SettingsStoryboard.storyboard in Resources */ = {isa = PBXBuildFile; fileRef = AD7433F320848A89005AAF11 /* SettingsStoryboard.storyboard */; };
		AD95B0422085C89B001F6768 /* SeatNetworkBaseManager.swift in Sources */ = {isa = PBXBuildFile; fileRef = AD95B0412085C89B001F6768 /* SeatNetworkBaseManager.swift */; };
		AD95B044208622CB001F6768 /* AccountStoryboard.storyboard in Resources */ = {isa = PBXBuildFile; fileRef = AD95B043208622CB001F6768 /* AccountStoryboard.storyboard */; };
		AD95B046208622F4001F6768 /* LoginViewController.swift in Sources */ = {isa = PBXBuildFile; fileRef = AD95B045208622F4001F6768 /* LoginViewController.swift */; };
		AD95B04820863057001F6768 /* UIViewControllerExtension.swift in Sources */ = {isa = PBXBuildFile; fileRef = AD95B04720863057001F6768 /* UIViewControllerExtension.swift */; };
		AD95B04A20863344001F6768 /* SeatHomepageManager.swift in Sources */ = {isa = PBXBuildFile; fileRef = AD95B04920863344001F6768 /* SeatHomepageManager.swift */; };
		ADCB5ED82084C40300E0CF5F /* SeatHomepageViewController.swift in Sources */ = {isa = PBXBuildFile; fileRef = ADCB5ED72084C40300E0CF5F /* SeatHomepageViewController.swift */; };
		ADCB5EDA2084DA3600E0CF5F /* SeatStoryboard.storyboard in Resources */ = {isa = PBXBuildFile; fileRef = ADCB5ED92084DA3600E0CF5F /* SeatStoryboard.storyboard */; };
		ADCB5EDC2084DB0F00E0CF5F /* MeetingRoomStoryboard.storyboard in Resources */ = {isa = PBXBuildFile; fileRef = ADCB5EDB2084DB0F00E0CF5F /* MeetingRoomStoryboard.storyboard */; };
		ADCB5EDE2084F1FF00E0CF5F /* SeatHistoryViewController.swift in Sources */ = {isa = PBXBuildFile; fileRef = ADCB5EDD2084F1FF00E0CF5F /* SeatHistoryViewController.swift */; };
		ADF0A1B22086E00B009F4B66 /* SeatHistoryManager.swift in Sources */ = {isa = PBXBuildFile; fileRef = ADF0A1B12086E00B009F4B66 /* SeatHistoryManager.swift */; };
		ADF0A1B420873594009F4B66 /* AccountDetailTableViewController.swift in Sources */ = {isa = PBXBuildFile; fileRef = ADF0A1B320873594009F4B66 /* AccountDetailTableViewController.swift */; };
		ADF0A1B72087449F009F4B66 /* SeatHistoryCollectionViewCell.swift in Sources */ = {isa = PBXBuildFile; fileRef = ADF0A1B62087449F009F4B66 /* SeatHistoryCollectionViewCell.swift */; };
		ADF675352087698C004E7E25 /* HistoryCollectionViewLayout.swift in Sources */ = {isa = PBXBuildFile; fileRef = ADF675342087698C004E7E25 /* HistoryCollectionViewLayout.swift */; };
		ADF6753720877447004E7E25 /* SeatHistoryDetailViewController.swift in Sources */ = {isa = PBXBuildFile; fileRef = ADF6753620877447004E7E25 /* SeatHistoryDetailViewController.swift */; };
		ADF6753B20877C74004E7E25 /* CopyLabel.swift in Sources */ = {isa = PBXBuildFile; fileRef = ADF6753A20877C74004E7E25 /* CopyLabel.swift */; };
/* End PBXBuildFile section */

/* Begin PBXContainerItemProxy section */
		AD7433D0208487FD005AAF11 /* PBXContainerItemProxy */ = {
			isa = PBXContainerItemProxy;
			containerPortal = AD7433B1208487FB005AAF11 /* Project object */;
			proxyType = 1;
			remoteGlobalIDString = AD7433B8208487FB005AAF11;
			remoteInfo = LibraryReservation;
		};
		AD7433DB208487FD005AAF11 /* PBXContainerItemProxy */ = {
			isa = PBXContainerItemProxy;
			containerPortal = AD7433B1208487FB005AAF11 /* Project object */;
			proxyType = 1;
			remoteGlobalIDString = AD7433B8208487FB005AAF11;
			remoteInfo = LibraryReservation;
		};
/* End PBXContainerItemProxy section */

/* Begin PBXFileReference section */
		3BAFBE15E74E0EC89B9D63D3 /* Pods-LibraryReservationUITests.release.xcconfig */ = {isa = PBXFileReference; includeInIndex = 1; lastKnownFileType = text.xcconfig; name = "Pods-LibraryReservationUITests.release.xcconfig"; path = "Pods/Target Support Files/Pods-LibraryReservationUITests/Pods-LibraryReservationUITests.release.xcconfig"; sourceTree = "<group>"; };
		44458C3A714EAD64B386E6A1 /* Pods-LibraryReservation.debug.xcconfig */ = {isa = PBXFileReference; includeInIndex = 1; lastKnownFileType = text.xcconfig; name = "Pods-LibraryReservation.debug.xcconfig"; path = "Pods/Target Support Files/Pods-LibraryReservation/Pods-LibraryReservation.debug.xcconfig"; sourceTree = "<group>"; };
		5BCDE0495DF26EE94F77D4E3 /* Pods-LibraryReservationTests.debug.xcconfig */ = {isa = PBXFileReference; includeInIndex = 1; lastKnownFileType = text.xcconfig; name = "Pods-LibraryReservationTests.debug.xcconfig"; path = "Pods/Target Support Files/Pods-LibraryReservationTests/Pods-LibraryReservationTests.debug.xcconfig"; sourceTree = "<group>"; };
		6007481190CED623EA9BC00A /* Pods_LibraryReservationTests.framework */ = {isa = PBXFileReference; explicitFileType = wrapper.framework; includeInIndex = 0; path = Pods_LibraryReservationTests.framework; sourceTree = BUILT_PRODUCTS_DIR; };
		6A66FC8B5FBF16632D77AF86 /* Pods-LibraryReservation.release.xcconfig */ = {isa = PBXFileReference; includeInIndex = 1; lastKnownFileType = text.xcconfig; name = "Pods-LibraryReservation.release.xcconfig"; path = "Pods/Target Support Files/Pods-LibraryReservation/Pods-LibraryReservation.release.xcconfig"; sourceTree = "<group>"; };
		7888AC61F365ED24C2CC0CC4 /* Pods_LibraryReservation.framework */ = {isa = PBXFileReference; explicitFileType = wrapper.framework; includeInIndex = 0; path = Pods_LibraryReservation.framework; sourceTree = BUILT_PRODUCTS_DIR; };
		7912692429582D70B988FE86 /* Pods-LibraryReservationUITests.debug.xcconfig */ = {isa = PBXFileReference; includeInIndex = 1; lastKnownFileType = text.xcconfig; name = "Pods-LibraryReservationUITests.debug.xcconfig"; path = "Pods/Target Support Files/Pods-LibraryReservationUITests/Pods-LibraryReservationUITests.debug.xcconfig"; sourceTree = "<group>"; };
		854D715760BE7166C91F4B1D /* Pods_LibraryReservationUITests.framework */ = {isa = PBXFileReference; explicitFileType = wrapper.framework; includeInIndex = 0; path = Pods_LibraryReservationUITests.framework; sourceTree = BUILT_PRODUCTS_DIR; };
		AD4B3B072084F5DA00010B47 /* SeatBaseResponse.swift */ = {isa = PBXFileReference; lastKnownFileType = sourcecode.swift; path = SeatBaseResponse.swift; sourceTree = "<group>"; };
		AD4B3B0A2084F69600010B47 /* SeatReservation.swift */ = {isa = PBXFileReference; lastKnownFileType = sourcecode.swift; path = SeatReservation.swift; sourceTree = "<group>"; };
		AD4B3B0C2084F70000010B47 /* SeatHistoryResponse.swift */ = {isa = PBXFileReference; lastKnownFileType = sourcecode.swift; path = SeatHistoryResponse.swift; sourceTree = "<group>"; };
		AD4B3B0F2084F7B000010B47 /* LoginResponse.swift */ = {isa = PBXFileReference; lastKnownFileType = sourcecode.swift; path = LoginResponse.swift; sourceTree = "<group>"; };
		AD4B3B122084F7FB00010B47 /* Utilities.swift */ = {isa = PBXFileReference; lastKnownFileType = sourcecode.swift; path = Utilities.swift; sourceTree = "<group>"; };
		AD4B3B142084F84D00010B47 /* AccountManager.swift */ = {isa = PBXFileReference; lastKnownFileType = sourcecode.swift; path = AccountManager.swift; sourceTree = "<group>"; };
		AD4B3B162084F9E700010B47 /* Account.swift */ = {isa = PBXFileReference; lastKnownFileType = sourcecode.swift; path = Account.swift; sourceTree = "<group>"; };
		AD4B3B182084FA4200010B47 /* Settings.swift */ = {isa = PBXFileReference; lastKnownFileType = sourcecode.swift; path = Settings.swift; sourceTree = "<group>"; };
		AD4D114720878BC20073AAA8 /* SeatCurrentReservationManager.swift */ = {isa = PBXFileReference; lastKnownFileType = sourcecode.swift; path = SeatCurrentReservationManager.swift; sourceTree = "<group>"; };
		AD4D114920878C0A0073AAA8 /* SeatCurrentReservationView.swift */ = {isa = PBXFileReference; lastKnownFileType = sourcecode.swift; path = SeatCurrentReservationView.swift; sourceTree = "<group>"; };
		AD4D114B20878C720073AAA8 /* SeatCurrentReservationView.xib */ = {isa = PBXFileReference; lastKnownFileType = file.xib; path = SeatCurrentReservationView.xib; sourceTree = "<group>"; };
		AD4D114D2087A3390073AAA8 /* SeatCurrentReservationResponse.swift */ = {isa = PBXFileReference; lastKnownFileType = sourcecode.swift; path = SeatCurrentReservationResponse.swift; sourceTree = "<group>"; };
		AD4D114F20885CF10073AAA8 /* SeatHistoryTableViewCell.swift */ = {isa = PBXFileReference; lastKnownFileType = sourcecode.swift; path = SeatHistoryTableViewCell.swift; sourceTree = "<group>"; };
		AD4D11512088735D0073AAA8 /* UserInfo.swift */ = {isa = PBXFileReference; lastKnownFileType = sourcecode.swift; path = UserInfo.swift; sourceTree = "<group>"; };
		AD4D1153208883070073AAA8 /* SeatCurrentReservationDetailTableViewController.swift */ = {isa = PBXFileReference; lastKnownFileType = sourcecode.swift; path = SeatCurrentReservationDetailTableViewController.swift; sourceTree = "<group>"; };
		AD7433B9208487FB005AAF11 /* LibraryReservation.app */ = {isa = PBXFileReference; explicitFileType = wrapper.application; includeInIndex = 0; path = LibraryReservation.app; sourceTree = BUILT_PRODUCTS_DIR; };
		AD7433BC208487FB005AAF11 /* AppDelegate.swift */ = {isa = PBXFileReference; lastKnownFileType = sourcecode.swift; path = AppDelegate.swift; sourceTree = "<group>"; };
		AD7433C3208487FB005AAF11 /* Base */ = {isa = PBXFileReference; lastKnownFileType = file.storyboard; name = Base; path = Base.lproj/Main.storyboard; sourceTree = "<group>"; };
		AD7433C5208487FC005AAF11 /* Assets.xcassets */ = {isa = PBXFileReference; lastKnownFileType = folder.assetcatalog; path = Assets.xcassets; sourceTree = "<group>"; };
		AD7433C8208487FC005AAF11 /* Base */ = {isa = PBXFileReference; lastKnownFileType = file.storyboard; name = Base; path = Base.lproj/LaunchScreen.storyboard; sourceTree = "<group>"; };
		AD7433CA208487FC005AAF11 /* Info.plist */ = {isa = PBXFileReference; lastKnownFileType = text.plist.xml; path = Info.plist; sourceTree = "<group>"; };
		AD7433CF208487FD005AAF11 /* LibraryReservationTests.xctest */ = {isa = PBXFileReference; explicitFileType = wrapper.cfbundle; includeInIndex = 0; path = LibraryReservationTests.xctest; sourceTree = BUILT_PRODUCTS_DIR; };
		AD7433D3208487FD005AAF11 /* LibraryReservationTests.swift */ = {isa = PBXFileReference; lastKnownFileType = sourcecode.swift; path = LibraryReservationTests.swift; sourceTree = "<group>"; };
		AD7433D5208487FD005AAF11 /* Info.plist */ = {isa = PBXFileReference; lastKnownFileType = text.plist.xml; path = Info.plist; sourceTree = "<group>"; };
		AD7433DA208487FD005AAF11 /* LibraryReservationUITests.xctest */ = {isa = PBXFileReference; explicitFileType = wrapper.cfbundle; includeInIndex = 0; path = LibraryReservationUITests.xctest; sourceTree = BUILT_PRODUCTS_DIR; };
		AD7433DE208487FD005AAF11 /* LibraryReservationUITests.swift */ = {isa = PBXFileReference; lastKnownFileType = sourcecode.swift; path = LibraryReservationUITests.swift; sourceTree = "<group>"; };
		AD7433E0208487FD005AAF11 /* Info.plist */ = {isa = PBXFileReference; lastKnownFileType = text.plist.xml; path = Info.plist; sourceTree = "<group>"; };
		AD7433EF20848A27005AAF11 /* SettingsTableViewController.swift */ = {isa = PBXFileReference; lastKnownFileType = sourcecode.swift; path = SettingsTableViewController.swift; sourceTree = "<group>"; };
		AD7433F320848A89005AAF11 /* SettingsStoryboard.storyboard */ = {isa = PBXFileReference; lastKnownFileType = file.storyboard; path = SettingsStoryboard.storyboard; sourceTree = "<group>"; };
		AD95B0412085C89B001F6768 /* SeatNetworkBaseManager.swift */ = {isa = PBXFileReference; lastKnownFileType = sourcecode.swift; path = SeatNetworkBaseManager.swift; sourceTree = "<group>"; };
		AD95B043208622CB001F6768 /* AccountStoryboard.storyboard */ = {isa = PBXFileReference; lastKnownFileType = file.storyboard; path = AccountStoryboard.storyboard; sourceTree = "<group>"; };
		AD95B045208622F4001F6768 /* LoginViewController.swift */ = {isa = PBXFileReference; lastKnownFileType = sourcecode.swift; path = LoginViewController.swift; sourceTree = "<group>"; };
		AD95B04720863057001F6768 /* UIViewControllerExtension.swift */ = {isa = PBXFileReference; lastKnownFileType = sourcecode.swift; path = UIViewControllerExtension.swift; sourceTree = "<group>"; };
		AD95B04920863344001F6768 /* SeatHomepageManager.swift */ = {isa = PBXFileReference; lastKnownFileType = sourcecode.swift; path = SeatHomepageManager.swift; sourceTree = "<group>"; };
		ADCB5ED72084C40300E0CF5F /* SeatHomepageViewController.swift */ = {isa = PBXFileReference; lastKnownFileType = sourcecode.swift; path = SeatHomepageViewController.swift; sourceTree = "<group>"; };
		ADCB5ED92084DA3600E0CF5F /* SeatStoryboard.storyboard */ = {isa = PBXFileReference; lastKnownFileType = file.storyboard; path = SeatStoryboard.storyboard; sourceTree = "<group>"; };
		ADCB5EDB2084DB0F00E0CF5F /* MeetingRoomStoryboard.storyboard */ = {isa = PBXFileReference; lastKnownFileType = file.storyboard; path = MeetingRoomStoryboard.storyboard; sourceTree = "<group>"; };
		ADCB5EDD2084F1FF00E0CF5F /* SeatHistoryViewController.swift */ = {isa = PBXFileReference; lastKnownFileType = sourcecode.swift; path = SeatHistoryViewController.swift; sourceTree = "<group>"; };
		ADF0A1B12086E00B009F4B66 /* SeatHistoryManager.swift */ = {isa = PBXFileReference; lastKnownFileType = sourcecode.swift; path = SeatHistoryManager.swift; sourceTree = "<group>"; };
		ADF0A1B320873594009F4B66 /* AccountDetailTableViewController.swift */ = {isa = PBXFileReference; lastKnownFileType = sourcecode.swift; path = AccountDetailTableViewController.swift; sourceTree = "<group>"; };
		ADF0A1B62087449F009F4B66 /* SeatHistoryCollectionViewCell.swift */ = {isa = PBXFileReference; lastKnownFileType = sourcecode.swift; path = SeatHistoryCollectionViewCell.swift; sourceTree = "<group>"; };
		ADF675342087698C004E7E25 /* HistoryCollectionViewLayout.swift */ = {isa = PBXFileReference; lastKnownFileType = sourcecode.swift; path = HistoryCollectionViewLayout.swift; sourceTree = "<group>"; };
		ADF6753620877447004E7E25 /* SeatHistoryDetailViewController.swift */ = {isa = PBXFileReference; lastKnownFileType = sourcecode.swift; path = SeatHistoryDetailViewController.swift; sourceTree = "<group>"; };
		ADF6753A20877C74004E7E25 /* CopyLabel.swift */ = {isa = PBXFileReference; lastKnownFileType = sourcecode.swift; path = CopyLabel.swift; sourceTree = "<group>"; };
		C370A14DBA27B26D3721A70E /* Pods-LibraryReservationTests.release.xcconfig */ = {isa = PBXFileReference; includeInIndex = 1; lastKnownFileType = text.xcconfig; name = "Pods-LibraryReservationTests.release.xcconfig"; path = "Pods/Target Support Files/Pods-LibraryReservationTests/Pods-LibraryReservationTests.release.xcconfig"; sourceTree = "<group>"; };
/* End PBXFileReference section */

/* Begin PBXFrameworksBuildPhase section */
		AD7433B6208487FB005AAF11 /* Frameworks */ = {
			isa = PBXFrameworksBuildPhase;
			buildActionMask = 2147483647;
			files = (
				839C2392624C937AC131A560 /* Pods_LibraryReservation.framework in Frameworks */,
			);
			runOnlyForDeploymentPostprocessing = 0;
		};
		AD7433CC208487FD005AAF11 /* Frameworks */ = {
			isa = PBXFrameworksBuildPhase;
			buildActionMask = 2147483647;
			files = (
				7C33D32FF1F8C0851D903EAF /* Pods_LibraryReservationTests.framework in Frameworks */,
			);
			runOnlyForDeploymentPostprocessing = 0;
		};
		AD7433D7208487FD005AAF11 /* Frameworks */ = {
			isa = PBXFrameworksBuildPhase;
			buildActionMask = 2147483647;
			files = (
				AB39AE29FFB2E81F2E54083E /* Pods_LibraryReservationUITests.framework in Frameworks */,
			);
			runOnlyForDeploymentPostprocessing = 0;
		};
/* End PBXFrameworksBuildPhase section */

/* Begin PBXGroup section */
		6727620B5A1E6B5C8CB512A0 /* Frameworks */ = {
			isa = PBXGroup;
			children = (
				7888AC61F365ED24C2CC0CC4 /* Pods_LibraryReservation.framework */,
				6007481190CED623EA9BC00A /* Pods_LibraryReservationTests.framework */,
				854D715760BE7166C91F4B1D /* Pods_LibraryReservationUITests.framework */,
			);
			name = Frameworks;
			sourceTree = "<group>";
		};
		68D663A2B16188534289B589 /* Pods */ = {
			isa = PBXGroup;
			children = (
				44458C3A714EAD64B386E6A1 /* Pods-LibraryReservation.debug.xcconfig */,
				6A66FC8B5FBF16632D77AF86 /* Pods-LibraryReservation.release.xcconfig */,
				5BCDE0495DF26EE94F77D4E3 /* Pods-LibraryReservationTests.debug.xcconfig */,
				C370A14DBA27B26D3721A70E /* Pods-LibraryReservationTests.release.xcconfig */,
				7912692429582D70B988FE86 /* Pods-LibraryReservationUITests.debug.xcconfig */,
				3BAFBE15E74E0EC89B9D63D3 /* Pods-LibraryReservationUITests.release.xcconfig */,
			);
			name = Pods;
			sourceTree = "<group>";
		};
		AD4B3B062084F58400010B47 /* Network */ = {
			isa = PBXGroup;
			children = (
				AD4B3B072084F5DA00010B47 /* SeatBaseResponse.swift */,
				AD95B0412085C89B001F6768 /* SeatNetworkBaseManager.swift */,
			);
			path = Network;
			sourceTree = "<group>";
		};
		AD4B3B092084F68A00010B47 /* Models */ = {
			isa = PBXGroup;
			children = (
				AD4B3B0A2084F69600010B47 /* SeatReservation.swift */,
				AD4B3B0C2084F70000010B47 /* SeatHistoryResponse.swift */,
				AD4D114D2087A3390073AAA8 /* SeatCurrentReservationResponse.swift */,
				AD95B04920863344001F6768 /* SeatHomepageManager.swift */,
				ADF0A1B12086E00B009F4B66 /* SeatHistoryManager.swift */,
				AD4D114720878BC20073AAA8 /* SeatCurrentReservationManager.swift */,
			);
			path = Models;
			sourceTree = "<group>";
		};
		AD4B3B0E2084F7A400010B47 /* Models */ = {
			isa = PBXGroup;
			children = (
				AD4B3B0F2084F7B000010B47 /* LoginResponse.swift */,
				AD4B3B142084F84D00010B47 /* AccountManager.swift */,
				AD4B3B162084F9E700010B47 /* Account.swift */,
				AD95B04720863057001F6768 /* UIViewControllerExtension.swift */,
				AD4D11512088735D0073AAA8 /* UserInfo.swift */,
			);
			path = Models;
			sourceTree = "<group>";
		};
		AD4B3B112084F7F000010B47 /* Utilities */ = {
			isa = PBXGroup;
			children = (
				AD4B3B122084F7FB00010B47 /* Utilities.swift */,
				ADF6753A20877C74004E7E25 /* CopyLabel.swift */,
			);
			path = Utilities;
			sourceTree = "<group>";
		};
		AD7433B0208487FB005AAF11 = {
			isa = PBXGroup;
			children = (
				AD7433BB208487FB005AAF11 /* LibraryReservation */,
				AD7433D2208487FD005AAF11 /* LibraryReservationTests */,
				AD7433DD208487FD005AAF11 /* LibraryReservationUITests */,
				AD7433BA208487FB005AAF11 /* Products */,
				68D663A2B16188534289B589 /* Pods */,
				6727620B5A1E6B5C8CB512A0 /* Frameworks */,
			);
			sourceTree = "<group>";
		};
		AD7433BA208487FB005AAF11 /* Products */ = {
			isa = PBXGroup;
			children = (
				AD7433B9208487FB005AAF11 /* LibraryReservation.app */,
				AD7433CF208487FD005AAF11 /* LibraryReservationTests.xctest */,
				AD7433DA208487FD005AAF11 /* LibraryReservationUITests.xctest */,
			);
			name = Products;
			sourceTree = "<group>";
		};
		AD7433BB208487FB005AAF11 /* LibraryReservation */ = {
			isa = PBXGroup;
			children = (
				AD4B3B112084F7F000010B47 /* Utilities */,
				AD4B3B062084F58400010B47 /* Network */,
				ADCB5ED62084C35500E0CF5F /* MeetingRoomReservation */,
				ADCB5ED52084C34B00E0CF5F /* SeatReservation */,
				AD7433F120848A2D005AAF11 /* Settings */,
				AD7433EE208489FC005AAF11 /* Account */,
				AD7433BC208487FB005AAF11 /* AppDelegate.swift */,
				AD7433C2208487FB005AAF11 /* Main.storyboard */,
				AD7433C5208487FC005AAF11 /* Assets.xcassets */,
				AD7433C7208487FC005AAF11 /* LaunchScreen.storyboard */,
				AD7433CA208487FC005AAF11 /* Info.plist */,
			);
			path = LibraryReservation;
			sourceTree = "<group>";
		};
		AD7433D2208487FD005AAF11 /* LibraryReservationTests */ = {
			isa = PBXGroup;
			children = (
				AD7433D3208487FD005AAF11 /* LibraryReservationTests.swift */,
				AD7433D5208487FD005AAF11 /* Info.plist */,
			);
			path = LibraryReservationTests;
			sourceTree = "<group>";
		};
		AD7433DD208487FD005AAF11 /* LibraryReservationUITests */ = {
			isa = PBXGroup;
			children = (
				AD7433DE208487FD005AAF11 /* LibraryReservationUITests.swift */,
				AD7433E0208487FD005AAF11 /* Info.plist */,
			);
			path = LibraryReservationUITests;
			sourceTree = "<group>";
		};
		AD7433EE208489FC005AAF11 /* Account */ = {
			isa = PBXGroup;
			children = (
				AD4B3B0E2084F7A400010B47 /* Models */,
				AD95B043208622CB001F6768 /* AccountStoryboard.storyboard */,
				AD95B045208622F4001F6768 /* LoginViewController.swift */,
			);
			path = Account;
			sourceTree = "<group>";
		};
		AD7433F120848A2D005AAF11 /* Settings */ = {
			isa = PBXGroup;
			children = (
				AD7433F220848A43005AAF11 /* Models */,
				AD7433EF20848A27005AAF11 /* SettingsTableViewController.swift */,
				AD7433F320848A89005AAF11 /* SettingsStoryboard.storyboard */,
				ADF0A1B320873594009F4B66 /* AccountDetailTableViewController.swift */,
			);
			path = Settings;
			sourceTree = "<group>";
		};
		AD7433F220848A43005AAF11 /* Models */ = {
			isa = PBXGroup;
			children = (
				AD4B3B182084FA4200010B47 /* Settings.swift */,
			);
			path = Models;
			sourceTree = "<group>";
		};
		ADCB5ED52084C34B00E0CF5F /* SeatReservation */ = {
			isa = PBXGroup;
			children = (
				ADF0A1B520874487009F4B66 /* Views */,
				AD4B3B092084F68A00010B47 /* Models */,
				ADCB5ED72084C40300E0CF5F /* SeatHomepageViewController.swift */,
				ADCB5ED92084DA3600E0CF5F /* SeatStoryboard.storyboard */,
				ADCB5EDD2084F1FF00E0CF5F /* SeatHistoryViewController.swift */,
				ADF6753620877447004E7E25 /* SeatHistoryDetailViewController.swift */,
				AD4D1153208883070073AAA8 /* SeatCurrentReservationDetailTableViewController.swift */,
			);
			path = SeatReservation;
			sourceTree = "<group>";
		};
		ADCB5ED62084C35500E0CF5F /* MeetingRoomReservation */ = {
			isa = PBXGroup;
			children = (
				ADCB5EDB2084DB0F00E0CF5F /* MeetingRoomStoryboard.storyboard */,
			);
			path = MeetingRoomReservation;
			sourceTree = "<group>";
		};
		ADF0A1B520874487009F4B66 /* Views */ = {
			isa = PBXGroup;
			children = (
				ADF0A1B62087449F009F4B66 /* SeatHistoryCollectionViewCell.swift */,
				ADF675342087698C004E7E25 /* HistoryCollectionViewLayout.swift */,
				AD4D114920878C0A0073AAA8 /* SeatCurrentReservationView.swift */,
				AD4D114B20878C720073AAA8 /* SeatCurrentReservationView.xib */,
				AD4D114F20885CF10073AAA8 /* SeatHistoryTableViewCell.swift */,
			);
			path = Views;
			sourceTree = "<group>";
		};
/* End PBXGroup section */

/* Begin PBXNativeTarget section */
		AD7433B8208487FB005AAF11 /* LibraryReservation */ = {
			isa = PBXNativeTarget;
			buildConfigurationList = AD7433E3208487FD005AAF11 /* Build configuration list for PBXNativeTarget "LibraryReservation" */;
			buildPhases = (
				CF0BCA22D7FE1EFBAC2CCCA9 /* [CP] Check Pods Manifest.lock */,
				AD7433B5208487FB005AAF11 /* Sources */,
				AD7433B6208487FB005AAF11 /* Frameworks */,
				AD7433B7208487FB005AAF11 /* Resources */,
				0FBE6C9E34BE5F234C0DF8A5 /* [CP] Embed Pods Frameworks */,
			);
			buildRules = (
			);
			dependencies = (
			);
			name = LibraryReservation;
			productName = LibraryReservation;
			productReference = AD7433B9208487FB005AAF11 /* LibraryReservation.app */;
			productType = "com.apple.product-type.application";
		};
		AD7433CE208487FD005AAF11 /* LibraryReservationTests */ = {
			isa = PBXNativeTarget;
			buildConfigurationList = AD7433E6208487FD005AAF11 /* Build configuration list for PBXNativeTarget "LibraryReservationTests" */;
			buildPhases = (
				409D199F28EB8B531926682B /* [CP] Check Pods Manifest.lock */,
				AD7433CB208487FD005AAF11 /* Sources */,
				AD7433CC208487FD005AAF11 /* Frameworks */,
				AD7433CD208487FD005AAF11 /* Resources */,
			);
			buildRules = (
			);
			dependencies = (
				AD7433D1208487FD005AAF11 /* PBXTargetDependency */,
			);
			name = LibraryReservationTests;
			productName = LibraryReservationTests;
			productReference = AD7433CF208487FD005AAF11 /* LibraryReservationTests.xctest */;
			productType = "com.apple.product-type.bundle.unit-test";
		};
		AD7433D9208487FD005AAF11 /* LibraryReservationUITests */ = {
			isa = PBXNativeTarget;
			buildConfigurationList = AD7433E9208487FD005AAF11 /* Build configuration list for PBXNativeTarget "LibraryReservationUITests" */;
			buildPhases = (
				E932D51AF223E449071985F5 /* [CP] Check Pods Manifest.lock */,
				AD7433D6208487FD005AAF11 /* Sources */,
				AD7433D7208487FD005AAF11 /* Frameworks */,
				AD7433D8208487FD005AAF11 /* Resources */,
			);
			buildRules = (
			);
			dependencies = (
				AD7433DC208487FD005AAF11 /* PBXTargetDependency */,
			);
			name = LibraryReservationUITests;
			productName = LibraryReservationUITests;
			productReference = AD7433DA208487FD005AAF11 /* LibraryReservationUITests.xctest */;
			productType = "com.apple.product-type.bundle.ui-testing";
		};
/* End PBXNativeTarget section */

/* Begin PBXProject section */
		AD7433B1208487FB005AAF11 /* Project object */ = {
			isa = PBXProject;
			attributes = {
				LastSwiftUpdateCheck = 0930;
				LastUpgradeCheck = 0930;
				ORGANIZATIONNAME = "Weston Wu";
				TargetAttributes = {
					AD7433B8208487FB005AAF11 = {
						CreatedOnToolsVersion = 9.3;
					};
					AD7433CE208487FD005AAF11 = {
						CreatedOnToolsVersion = 9.3;
						TestTargetID = AD7433B8208487FB005AAF11;
					};
					AD7433D9208487FD005AAF11 = {
						CreatedOnToolsVersion = 9.3;
						TestTargetID = AD7433B8208487FB005AAF11;
					};
				};
			};
			buildConfigurationList = AD7433B4208487FB005AAF11 /* Build configuration list for PBXProject "LibraryReservation" */;
			compatibilityVersion = "Xcode 9.3";
			developmentRegion = en;
			hasScannedForEncodings = 0;
			knownRegions = (
				en,
				Base,
			);
			mainGroup = AD7433B0208487FB005AAF11;
			productRefGroup = AD7433BA208487FB005AAF11 /* Products */;
			projectDirPath = "";
			projectRoot = "";
			targets = (
				AD7433B8208487FB005AAF11 /* LibraryReservation */,
				AD7433CE208487FD005AAF11 /* LibraryReservationTests */,
				AD7433D9208487FD005AAF11 /* LibraryReservationUITests */,
			);
		};
/* End PBXProject section */

/* Begin PBXResourcesBuildPhase section */
		AD7433B7208487FB005AAF11 /* Resources */ = {
			isa = PBXResourcesBuildPhase;
			buildActionMask = 2147483647;
			files = (
				AD7433C9208487FC005AAF11 /* LaunchScreen.storyboard in Resources */,
				ADCB5EDA2084DA3600E0CF5F /* SeatStoryboard.storyboard in Resources */,
				ADCB5EDC2084DB0F00E0CF5F /* MeetingRoomStoryboard.storyboard in Resources */,
				AD7433C6208487FC005AAF11 /* Assets.xcassets in Resources */,
				AD4D114C20878C720073AAA8 /* SeatCurrentReservationView.xib in Resources */,
				AD95B044208622CB001F6768 /* AccountStoryboard.storyboard in Resources */,
				AD7433F420848A89005AAF11 /* SettingsStoryboard.storyboard in Resources */,
				AD7433C4208487FB005AAF11 /* Main.storyboard in Resources */,
			);
			runOnlyForDeploymentPostprocessing = 0;
		};
		AD7433CD208487FD005AAF11 /* Resources */ = {
			isa = PBXResourcesBuildPhase;
			buildActionMask = 2147483647;
			files = (
			);
			runOnlyForDeploymentPostprocessing = 0;
		};
		AD7433D8208487FD005AAF11 /* Resources */ = {
			isa = PBXResourcesBuildPhase;
			buildActionMask = 2147483647;
			files = (
			);
			runOnlyForDeploymentPostprocessing = 0;
		};
/* End PBXResourcesBuildPhase section */

/* Begin PBXShellScriptBuildPhase section */
		0FBE6C9E34BE5F234C0DF8A5 /* [CP] Embed Pods Frameworks */ = {
			isa = PBXShellScriptBuildPhase;
			buildActionMask = 2147483647;
			files = (
			);
			inputPaths = (
				"${SRCROOT}/Pods/Target Support Files/Pods-LibraryReservation/Pods-LibraryReservation-frameworks.sh",
				"${PODS_ROOT}/Reveal-SDK/RevealServer-14/iOS/RevealServer.framework",
			);
			name = "[CP] Embed Pods Frameworks";
			outputPaths = (
				"${TARGET_BUILD_DIR}/${FRAMEWORKS_FOLDER_PATH}/RevealServer.framework",
			);
			runOnlyForDeploymentPostprocessing = 0;
			shellPath = /bin/sh;
			shellScript = "\"${SRCROOT}/Pods/Target Support Files/Pods-LibraryReservation/Pods-LibraryReservation-frameworks.sh\"\n";
			showEnvVarsInLog = 0;
		};
		409D199F28EB8B531926682B /* [CP] Check Pods Manifest.lock */ = {
			isa = PBXShellScriptBuildPhase;
			buildActionMask = 2147483647;
			files = (
			);
			inputPaths = (
				"${PODS_PODFILE_DIR_PATH}/Podfile.lock",
				"${PODS_ROOT}/Manifest.lock",
			);
			name = "[CP] Check Pods Manifest.lock";
			outputPaths = (
				"$(DERIVED_FILE_DIR)/Pods-LibraryReservationTests-checkManifestLockResult.txt",
			);
			runOnlyForDeploymentPostprocessing = 0;
			shellPath = /bin/sh;
			shellScript = "diff \"${PODS_PODFILE_DIR_PATH}/Podfile.lock\" \"${PODS_ROOT}/Manifest.lock\" > /dev/null\nif [ $? != 0 ] ; then\n    # print error to STDERR\n    echo \"error: The sandbox is not in sync with the Podfile.lock. Run 'pod install' or update your CocoaPods installation.\" >&2\n    exit 1\nfi\n# This output is used by Xcode 'outputs' to avoid re-running this script phase.\necho \"SUCCESS\" > \"${SCRIPT_OUTPUT_FILE_0}\"\n";
			showEnvVarsInLog = 0;
		};
		CF0BCA22D7FE1EFBAC2CCCA9 /* [CP] Check Pods Manifest.lock */ = {
			isa = PBXShellScriptBuildPhase;
			buildActionMask = 2147483647;
			files = (
			);
			inputPaths = (
				"${PODS_PODFILE_DIR_PATH}/Podfile.lock",
				"${PODS_ROOT}/Manifest.lock",
			);
			name = "[CP] Check Pods Manifest.lock";
			outputPaths = (
				"$(DERIVED_FILE_DIR)/Pods-LibraryReservation-checkManifestLockResult.txt",
			);
			runOnlyForDeploymentPostprocessing = 0;
			shellPath = /bin/sh;
			shellScript = "diff \"${PODS_PODFILE_DIR_PATH}/Podfile.lock\" \"${PODS_ROOT}/Manifest.lock\" > /dev/null\nif [ $? != 0 ] ; then\n    # print error to STDERR\n    echo \"error: The sandbox is not in sync with the Podfile.lock. Run 'pod install' or update your CocoaPods installation.\" >&2\n    exit 1\nfi\n# This output is used by Xcode 'outputs' to avoid re-running this script phase.\necho \"SUCCESS\" > \"${SCRIPT_OUTPUT_FILE_0}\"\n";
			showEnvVarsInLog = 0;
		};
		E932D51AF223E449071985F5 /* [CP] Check Pods Manifest.lock */ = {
			isa = PBXShellScriptBuildPhase;
			buildActionMask = 2147483647;
			files = (
			);
			inputPaths = (
				"${PODS_PODFILE_DIR_PATH}/Podfile.lock",
				"${PODS_ROOT}/Manifest.lock",
			);
			name = "[CP] Check Pods Manifest.lock";
			outputPaths = (
				"$(DERIVED_FILE_DIR)/Pods-LibraryReservationUITests-checkManifestLockResult.txt",
			);
			runOnlyForDeploymentPostprocessing = 0;
			shellPath = /bin/sh;
			shellScript = "diff \"${PODS_PODFILE_DIR_PATH}/Podfile.lock\" \"${PODS_ROOT}/Manifest.lock\" > /dev/null\nif [ $? != 0 ] ; then\n    # print error to STDERR\n    echo \"error: The sandbox is not in sync with the Podfile.lock. Run 'pod install' or update your CocoaPods installation.\" >&2\n    exit 1\nfi\n# This output is used by Xcode 'outputs' to avoid re-running this script phase.\necho \"SUCCESS\" > \"${SCRIPT_OUTPUT_FILE_0}\"\n";
			showEnvVarsInLog = 0;
		};
/* End PBXShellScriptBuildPhase section */

/* Begin PBXSourcesBuildPhase section */
		AD7433B5208487FB005AAF11 /* Sources */ = {
			isa = PBXSourcesBuildPhase;
			buildActionMask = 2147483647;
			files = (
				AD7433F020848A27005AAF11 /* SettingsTableViewController.swift in Sources */,
				ADF0A1B420873594009F4B66 /* AccountDetailTableViewController.swift in Sources */,
				ADF6753720877447004E7E25 /* SeatHistoryDetailViewController.swift in Sources */,
				AD4B3B0B2084F69600010B47 /* SeatReservation.swift in Sources */,
				AD4D1154208883070073AAA8 /* SeatCurrentReservationDetailTableViewController.swift in Sources */,
				AD95B0422085C89B001F6768 /* SeatNetworkBaseManager.swift in Sources */,
				AD4D115020885CF10073AAA8 /* SeatHistoryTableViewCell.swift in Sources */,
				AD95B046208622F4001F6768 /* LoginViewController.swift in Sources */,
				AD95B04820863057001F6768 /* UIViewControllerExtension.swift in Sources */,
				AD4D114820878BC20073AAA8 /* SeatCurrentReservationManager.swift in Sources */,
				AD4D114A20878C0A0073AAA8 /* SeatCurrentReservationView.swift in Sources */,
				ADCB5ED82084C40300E0CF5F /* SeatHomepageViewController.swift in Sources */,
				AD7433BD208487FB005AAF11 /* AppDelegate.swift in Sources */,
				AD4D114E2087A3390073AAA8 /* SeatCurrentReservationResponse.swift in Sources */,
				ADF6753B20877C74004E7E25 /* CopyLabel.swift in Sources */,
				AD4B3B132084F7FB00010B47 /* Utilities.swift in Sources */,
				AD4B3B0D2084F70000010B47 /* SeatHistoryResponse.swift in Sources */,
				AD4B3B152084F84D00010B47 /* AccountManager.swift in Sources */,
				ADF0A1B72087449F009F4B66 /* SeatHistoryCollectionViewCell.swift in Sources */,
				ADF0A1B22086E00B009F4B66 /* SeatHistoryManager.swift in Sources */,
				ADF675352087698C004E7E25 /* HistoryCollectionViewLayout.swift in Sources */,
				AD4B3B192084FA4200010B47 /* Settings.swift in Sources */,
				AD4B3B082084F5DA00010B47 /* SeatBaseResponse.swift in Sources */,
				ADCB5EDE2084F1FF00E0CF5F /* SeatHistoryViewController.swift in Sources */,
				AD4B3B102084F7B000010B47 /* LoginResponse.swift in Sources */,
				AD95B04A20863344001F6768 /* SeatHomepageManager.swift in Sources */,
				AD4D11522088735D0073AAA8 /* UserInfo.swift in Sources */,
				AD4B3B172084F9E700010B47 /* Account.swift in Sources */,
			);
			runOnlyForDeploymentPostprocessing = 0;
		};
		AD7433CB208487FD005AAF11 /* Sources */ = {
			isa = PBXSourcesBuildPhase;
			buildActionMask = 2147483647;
			files = (
				AD7433D4208487FD005AAF11 /* LibraryReservationTests.swift in Sources */,
			);
			runOnlyForDeploymentPostprocessing = 0;
		};
		AD7433D6208487FD005AAF11 /* Sources */ = {
			isa = PBXSourcesBuildPhase;
			buildActionMask = 2147483647;
			files = (
				AD7433DF208487FD005AAF11 /* LibraryReservationUITests.swift in Sources */,
			);
			runOnlyForDeploymentPostprocessing = 0;
		};
/* End PBXSourcesBuildPhase section */

/* Begin PBXTargetDependency section */
		AD7433D1208487FD005AAF11 /* PBXTargetDependency */ = {
			isa = PBXTargetDependency;
			target = AD7433B8208487FB005AAF11 /* LibraryReservation */;
			targetProxy = AD7433D0208487FD005AAF11 /* PBXContainerItemProxy */;
		};
		AD7433DC208487FD005AAF11 /* PBXTargetDependency */ = {
			isa = PBXTargetDependency;
			target = AD7433B8208487FB005AAF11 /* LibraryReservation */;
			targetProxy = AD7433DB208487FD005AAF11 /* PBXContainerItemProxy */;
		};
/* End PBXTargetDependency section */

/* Begin PBXVariantGroup section */
		AD7433C2208487FB005AAF11 /* Main.storyboard */ = {
			isa = PBXVariantGroup;
			children = (
				AD7433C3208487FB005AAF11 /* Base */,
			);
			name = Main.storyboard;
			sourceTree = "<group>";
		};
		AD7433C7208487FC005AAF11 /* LaunchScreen.storyboard */ = {
			isa = PBXVariantGroup;
			children = (
				AD7433C8208487FC005AAF11 /* Base */,
			);
			name = LaunchScreen.storyboard;
			sourceTree = "<group>";
		};
/* End PBXVariantGroup section */

/* Begin XCBuildConfiguration section */
		AD7433E1208487FD005AAF11 /* Debug */ = {
			isa = XCBuildConfiguration;
			buildSettings = {
				ALWAYS_SEARCH_USER_PATHS = NO;
				CLANG_ANALYZER_NONNULL = YES;
				CLANG_ANALYZER_NUMBER_OBJECT_CONVERSION = YES_AGGRESSIVE;
				CLANG_CXX_LANGUAGE_STANDARD = "gnu++14";
				CLANG_CXX_LIBRARY = "libc++";
				CLANG_ENABLE_MODULES = YES;
				CLANG_ENABLE_OBJC_ARC = YES;
				CLANG_ENABLE_OBJC_WEAK = YES;
				CLANG_WARN_BLOCK_CAPTURE_AUTORELEASING = YES;
				CLANG_WARN_BOOL_CONVERSION = YES;
				CLANG_WARN_COMMA = YES;
				CLANG_WARN_CONSTANT_CONVERSION = YES;
				CLANG_WARN_DEPRECATED_OBJC_IMPLEMENTATIONS = YES;
				CLANG_WARN_DIRECT_OBJC_ISA_USAGE = YES_ERROR;
				CLANG_WARN_DOCUMENTATION_COMMENTS = YES;
				CLANG_WARN_EMPTY_BODY = YES;
				CLANG_WARN_ENUM_CONVERSION = YES;
				CLANG_WARN_INFINITE_RECURSION = YES;
				CLANG_WARN_INT_CONVERSION = YES;
				CLANG_WARN_NON_LITERAL_NULL_CONVERSION = YES;
				CLANG_WARN_OBJC_IMPLICIT_RETAIN_SELF = YES;
				CLANG_WARN_OBJC_LITERAL_CONVERSION = YES;
				CLANG_WARN_OBJC_ROOT_CLASS = YES_ERROR;
				CLANG_WARN_RANGE_LOOP_ANALYSIS = YES;
				CLANG_WARN_STRICT_PROTOTYPES = YES;
				CLANG_WARN_SUSPICIOUS_MOVE = YES;
				CLANG_WARN_UNGUARDED_AVAILABILITY = YES_AGGRESSIVE;
				CLANG_WARN_UNREACHABLE_CODE = YES;
				CLANG_WARN__DUPLICATE_METHOD_MATCH = YES;
				CODE_SIGN_IDENTITY = "iPhone Developer";
				COPY_PHASE_STRIP = NO;
				DEBUG_INFORMATION_FORMAT = dwarf;
				ENABLE_STRICT_OBJC_MSGSEND = YES;
				ENABLE_TESTABILITY = YES;
				GCC_C_LANGUAGE_STANDARD = gnu11;
				GCC_DYNAMIC_NO_PIC = NO;
				GCC_NO_COMMON_BLOCKS = YES;
				GCC_OPTIMIZATION_LEVEL = 0;
				GCC_PREPROCESSOR_DEFINITIONS = (
					"DEBUG=1",
					"$(inherited)",
				);
				GCC_WARN_64_TO_32_BIT_CONVERSION = YES;
				GCC_WARN_ABOUT_RETURN_TYPE = YES_ERROR;
				GCC_WARN_UNDECLARED_SELECTOR = YES;
				GCC_WARN_UNINITIALIZED_AUTOS = YES_AGGRESSIVE;
				GCC_WARN_UNUSED_FUNCTION = YES;
				GCC_WARN_UNUSED_VARIABLE = YES;
				IPHONEOS_DEPLOYMENT_TARGET = 11.3;
				MTL_ENABLE_DEBUG_INFO = YES;
				ONLY_ACTIVE_ARCH = YES;
				SDKROOT = iphoneos;
				SWIFT_ACTIVE_COMPILATION_CONDITIONS = DEBUG;
				SWIFT_OPTIMIZATION_LEVEL = "-Onone";
			};
			name = Debug;
		};
		AD7433E2208487FD005AAF11 /* Release */ = {
			isa = XCBuildConfiguration;
			buildSettings = {
				ALWAYS_SEARCH_USER_PATHS = NO;
				CLANG_ANALYZER_NONNULL = YES;
				CLANG_ANALYZER_NUMBER_OBJECT_CONVERSION = YES_AGGRESSIVE;
				CLANG_CXX_LANGUAGE_STANDARD = "gnu++14";
				CLANG_CXX_LIBRARY = "libc++";
				CLANG_ENABLE_MODULES = YES;
				CLANG_ENABLE_OBJC_ARC = YES;
				CLANG_ENABLE_OBJC_WEAK = YES;
				CLANG_WARN_BLOCK_CAPTURE_AUTORELEASING = YES;
				CLANG_WARN_BOOL_CONVERSION = YES;
				CLANG_WARN_COMMA = YES;
				CLANG_WARN_CONSTANT_CONVERSION = YES;
				CLANG_WARN_DEPRECATED_OBJC_IMPLEMENTATIONS = YES;
				CLANG_WARN_DIRECT_OBJC_ISA_USAGE = YES_ERROR;
				CLANG_WARN_DOCUMENTATION_COMMENTS = YES;
				CLANG_WARN_EMPTY_BODY = YES;
				CLANG_WARN_ENUM_CONVERSION = YES;
				CLANG_WARN_INFINITE_RECURSION = YES;
				CLANG_WARN_INT_CONVERSION = YES;
				CLANG_WARN_NON_LITERAL_NULL_CONVERSION = YES;
				CLANG_WARN_OBJC_IMPLICIT_RETAIN_SELF = YES;
				CLANG_WARN_OBJC_LITERAL_CONVERSION = YES;
				CLANG_WARN_OBJC_ROOT_CLASS = YES_ERROR;
				CLANG_WARN_RANGE_LOOP_ANALYSIS = YES;
				CLANG_WARN_STRICT_PROTOTYPES = YES;
				CLANG_WARN_SUSPICIOUS_MOVE = YES;
				CLANG_WARN_UNGUARDED_AVAILABILITY = YES_AGGRESSIVE;
				CLANG_WARN_UNREACHABLE_CODE = YES;
				CLANG_WARN__DUPLICATE_METHOD_MATCH = YES;
				CODE_SIGN_IDENTITY = "iPhone Developer";
				COPY_PHASE_STRIP = NO;
				DEBUG_INFORMATION_FORMAT = "dwarf-with-dsym";
				ENABLE_NS_ASSERTIONS = NO;
				ENABLE_STRICT_OBJC_MSGSEND = YES;
				GCC_C_LANGUAGE_STANDARD = gnu11;
				GCC_NO_COMMON_BLOCKS = YES;
				GCC_WARN_64_TO_32_BIT_CONVERSION = YES;
				GCC_WARN_ABOUT_RETURN_TYPE = YES_ERROR;
				GCC_WARN_UNDECLARED_SELECTOR = YES;
				GCC_WARN_UNINITIALIZED_AUTOS = YES_AGGRESSIVE;
				GCC_WARN_UNUSED_FUNCTION = YES;
				GCC_WARN_UNUSED_VARIABLE = YES;
				IPHONEOS_DEPLOYMENT_TARGET = 11.3;
				MTL_ENABLE_DEBUG_INFO = NO;
				SDKROOT = iphoneos;
				SWIFT_COMPILATION_MODE = wholemodule;
				SWIFT_OPTIMIZATION_LEVEL = "-O";
				VALIDATE_PRODUCT = YES;
			};
			name = Release;
		};
		AD7433E4208487FD005AAF11 /* Debug */ = {
			isa = XCBuildConfiguration;
			baseConfigurationReference = 44458C3A714EAD64B386E6A1 /* Pods-LibraryReservation.debug.xcconfig */;
			buildSettings = {
				ASSETCATALOG_COMPILER_APPICON_NAME = AppIcon;
				CODE_SIGN_STYLE = Automatic;
				DEVELOPMENT_TEAM = X8A929HS7E;
				INFOPLIST_FILE = LibraryReservation/Info.plist;
				IPHONEOS_DEPLOYMENT_TARGET = 11.0;
				LD_RUNPATH_SEARCH_PATHS = "$(inherited) @executable_path/Frameworks";
				PRODUCT_BUNDLE_IDENTIFIER = com.westonwu.ios.LibraryReservation;
				PRODUCT_NAME = "$(TARGET_NAME)";
				SWIFT_VERSION = 4.0;
				TARGETED_DEVICE_FAMILY = "1,2";
			};
			name = Debug;
		};
		AD7433E5208487FD005AAF11 /* Release */ = {
			isa = XCBuildConfiguration;
			baseConfigurationReference = 6A66FC8B5FBF16632D77AF86 /* Pods-LibraryReservation.release.xcconfig */;
			buildSettings = {
				ASSETCATALOG_COMPILER_APPICON_NAME = AppIcon;
				CODE_SIGN_STYLE = Automatic;
				DEVELOPMENT_TEAM = X8A929HS7E;
				INFOPLIST_FILE = LibraryReservation/Info.plist;
				IPHONEOS_DEPLOYMENT_TARGET = 11.0;
				LD_RUNPATH_SEARCH_PATHS = "$(inherited) @executable_path/Frameworks";
				PRODUCT_BUNDLE_IDENTIFIER = com.westonwu.ios.LibraryReservation;
				PRODUCT_NAME = "$(TARGET_NAME)";
				SWIFT_VERSION = 4.0;
				TARGETED_DEVICE_FAMILY = "1,2";
			};
			name = Release;
		};
		AD7433E7208487FD005AAF11 /* Debug */ = {
			isa = XCBuildConfiguration;
			baseConfigurationReference = 5BCDE0495DF26EE94F77D4E3 /* Pods-LibraryReservationTests.debug.xcconfig */;
			buildSettings = {
				ALWAYS_EMBED_SWIFT_STANDARD_LIBRARIES = YES;
				BUNDLE_LOADER = "$(TEST_HOST)";
				CODE_SIGN_STYLE = Automatic;
				DEVELOPMENT_TEAM = X8A929HS7E;
				INFOPLIST_FILE = LibraryReservationTests/Info.plist;
				LD_RUNPATH_SEARCH_PATHS = "$(inherited) @executable_path/Frameworks @loader_path/Frameworks";
				PRODUCT_BUNDLE_IDENTIFIER = com.westonwu.ios.LibraryReservationTests;
				PRODUCT_NAME = "$(TARGET_NAME)";
				SWIFT_VERSION = 4.0;
				TARGETED_DEVICE_FAMILY = "1,2";
				TEST_HOST = "$(BUILT_PRODUCTS_DIR)/LibraryReservation.app/LibraryReservation";
			};
			name = Debug;
		};
		AD7433E8208487FD005AAF11 /* Release */ = {
			isa = XCBuildConfiguration;
			baseConfigurationReference = C370A14DBA27B26D3721A70E /* Pods-LibraryReservationTests.release.xcconfig */;
			buildSettings = {
				ALWAYS_EMBED_SWIFT_STANDARD_LIBRARIES = YES;
				BUNDLE_LOADER = "$(TEST_HOST)";
				CODE_SIGN_STYLE = Automatic;
				DEVELOPMENT_TEAM = X8A929HS7E;
				INFOPLIST_FILE = LibraryReservationTests/Info.plist;
				LD_RUNPATH_SEARCH_PATHS = "$(inherited) @executable_path/Frameworks @loader_path/Frameworks";
				PRODUCT_BUNDLE_IDENTIFIER = com.westonwu.ios.LibraryReservationTests;
				PRODUCT_NAME = "$(TARGET_NAME)";
				SWIFT_VERSION = 4.0;
				TARGETED_DEVICE_FAMILY = "1,2";
				TEST_HOST = "$(BUILT_PRODUCTS_DIR)/LibraryReservation.app/LibraryReservation";
			};
			name = Release;
		};
		AD7433EA208487FD005AAF11 /* Debug */ = {
			isa = XCBuildConfiguration;
			baseConfigurationReference = 7912692429582D70B988FE86 /* Pods-LibraryReservationUITests.debug.xcconfig */;
			buildSettings = {
				ALWAYS_EMBED_SWIFT_STANDARD_LIBRARIES = YES;
				CODE_SIGN_STYLE = Automatic;
				DEVELOPMENT_TEAM = X8A929HS7E;
				INFOPLIST_FILE = LibraryReservationUITests/Info.plist;
				LD_RUNPATH_SEARCH_PATHS = "$(inherited) @executable_path/Frameworks @loader_path/Frameworks";
				PRODUCT_BUNDLE_IDENTIFIER = com.westonwu.ios.LibraryReservationUITests;
				PRODUCT_NAME = "$(TARGET_NAME)";
				SWIFT_VERSION = 4.0;
				TARGETED_DEVICE_FAMILY = "1,2";
				TEST_TARGET_NAME = LibraryReservation;
			};
			name = Debug;
		};
		AD7433EB208487FD005AAF11 /* Release */ = {
			isa = XCBuildConfiguration;
			baseConfigurationReference = 3BAFBE15E74E0EC89B9D63D3 /* Pods-LibraryReservationUITests.release.xcconfig */;
			buildSettings = {
				ALWAYS_EMBED_SWIFT_STANDARD_LIBRARIES = YES;
				CODE_SIGN_STYLE = Automatic;
				DEVELOPMENT_TEAM = X8A929HS7E;
				INFOPLIST_FILE = LibraryReservationUITests/Info.plist;
				LD_RUNPATH_SEARCH_PATHS = "$(inherited) @executable_path/Frameworks @loader_path/Frameworks";
				PRODUCT_BUNDLE_IDENTIFIER = com.westonwu.ios.LibraryReservationUITests;
				PRODUCT_NAME = "$(TARGET_NAME)";
				SWIFT_VERSION = 4.0;
				TARGETED_DEVICE_FAMILY = "1,2";
				TEST_TARGET_NAME = LibraryReservation;
			};
			name = Release;
		};
/* End XCBuildConfiguration section */

/* Begin XCConfigurationList section */
		AD7433B4208487FB005AAF11 /* Build configuration list for PBXProject "LibraryReservation" */ = {
			isa = XCConfigurationList;
			buildConfigurations = (
				AD7433E1208487FD005AAF11 /* Debug */,
				AD7433E2208487FD005AAF11 /* Release */,
			);
			defaultConfigurationIsVisible = 0;
			defaultConfigurationName = Release;
		};
		AD7433E3208487FD005AAF11 /* Build configuration list for PBXNativeTarget "LibraryReservation" */ = {
			isa = XCConfigurationList;
			buildConfigurations = (
				AD7433E4208487FD005AAF11 /* Debug */,
				AD7433E5208487FD005AAF11 /* Release */,
			);
			defaultConfigurationIsVisible = 0;
			defaultConfigurationName = Release;
		};
		AD7433E6208487FD005AAF11 /* Build configuration list for PBXNativeTarget "LibraryReservationTests" */ = {
			isa = XCConfigurationList;
			buildConfigurations = (
				AD7433E7208487FD005AAF11 /* Debug */,
				AD7433E8208487FD005AAF11 /* Release */,
			);
			defaultConfigurationIsVisible = 0;
			defaultConfigurationName = Release;
		};
		AD7433E9208487FD005AAF11 /* Build configuration list for PBXNativeTarget "LibraryReservationUITests" */ = {
			isa = XCConfigurationList;
			buildConfigurations = (
				AD7433EA208487FD005AAF11 /* Debug */,
				AD7433EB208487FD005AAF11 /* Release */,
			);
			defaultConfigurationIsVisible = 0;
			defaultConfigurationName = Release;
		};
/* End XCConfigurationList section */
	};
	rootObject = AD7433B1208487FB005AAF11 /* Project object */;
}
